// !$*UTF8*$!
{
	archiveVersion = 1;
	classes = {
	};
	objectVersion = 55;
	objects = {

/* Begin PBXBuildFile section */
		6304EAA027A8723300BDF75D /* MessageCellProtocol.swift in Sources */ = {isa = PBXBuildFile; fileRef = 6304EA9F27A8723200BDF75D /* MessageCellProtocol.swift */; };
		6304EAA227A873F400BDF75D /* BaseLeftMessageTableViewCell.swift in Sources */ = {isa = PBXBuildFile; fileRef = 6304EAA127A873F400BDF75D /* BaseLeftMessageTableViewCell.swift */; };
		6304EAA427A8771100BDF75D /* LeftTextMessageTableViewCell.swift in Sources */ = {isa = PBXBuildFile; fileRef = 6304EAA327A8771100BDF75D /* LeftTextMessageTableViewCell.swift */; };
		6304EAA627A87BC500BDF75D /* BaseRightMessageTableViewCell.swift in Sources */ = {isa = PBXBuildFile; fileRef = 6304EAA527A87BC500BDF75D /* BaseRightMessageTableViewCell.swift */; };
		6304EAA827A87C8100BDF75D /* RightTextMessageTableViewCell.swift in Sources */ = {isa = PBXBuildFile; fileRef = 6304EAA727A87C8100BDF75D /* RightTextMessageTableViewCell.swift */; };
		6304EAAA27A87DC400BDF75D /* MessageCellFactory.swift in Sources */ = {isa = PBXBuildFile; fileRef = 6304EAA927A87DC400BDF75D /* MessageCellFactory.swift */; };
		6304EAAC27A8802000BDF75D /* LeftImageMessageTableViewCell.swift in Sources */ = {isa = PBXBuildFile; fileRef = 6304EAAB27A8802000BDF75D /* LeftImageMessageTableViewCell.swift */; };
		6304EAAE27A8817500BDF75D /* RightImageMessageTableViewCell.swift in Sources */ = {isa = PBXBuildFile; fileRef = 6304EAAD27A8817500BDF75D /* RightImageMessageTableViewCell.swift */; };
		6304EAB727AACFB500BDF75D /* ZoomAnimator.swift in Sources */ = {isa = PBXBuildFile; fileRef = 6304EAB627AACFB500BDF75D /* ZoomAnimator.swift */; };
		6304EAB927AAEB9900BDF75D /* ZoomTransitionController.swift in Sources */ = {isa = PBXBuildFile; fileRef = 6304EAB827AAEB9900BDF75D /* ZoomTransitionController.swift */; };
		6304EABB27AAED4400BDF75D /* ZoomDismissalInteractionController.swift in Sources */ = {isa = PBXBuildFile; fileRef = 6304EABA27AAED4400BDF75D /* ZoomDismissalInteractionController.swift */; };
		6304EABD27AB018800BDF75D /* PhotoZoomViewController.swift in Sources */ = {isa = PBXBuildFile; fileRef = 6304EABC27AB018800BDF75D /* PhotoZoomViewController.swift */; };
		6304EAC127AB131700BDF75D /* SFMonoMedium.otf in Resources */ = {isa = PBXBuildFile; fileRef = 6304EAC027AB131700BDF75D /* SFMonoMedium.otf */; };
		6304EAC427AC177000BDF75D /* InputView.swift in Sources */ = {isa = PBXBuildFile; fileRef = 6304EAC327AC177000BDF75D /* InputView.swift */; };
		6304EAC627AC1AC200BDF75D /* InputContentCollectionViewCell.swift in Sources */ = {isa = PBXBuildFile; fileRef = 6304EAC527AC1AC200BDF75D /* InputContentCollectionViewCell.swift */; };
		638622DF279CAFE1004BCEB8 /* TeachingStuffCollectionViewCell.swift in Sources */ = {isa = PBXBuildFile; fileRef = 638622DE279CAFE1004BCEB8 /* TeachingStuffCollectionViewCell.swift */; };
		638622E627A3413C004BCEB8 /* TaskDetailViewController.swift in Sources */ = {isa = PBXBuildFile; fileRef = 638622E527A3413C004BCEB8 /* TaskDetailViewController.swift */; };
		638622EA27A34D87004BCEB8 /* ChatViewController.swift in Sources */ = {isa = PBXBuildFile; fileRef = 638622E927A34D87004BCEB8 /* ChatViewController.swift */; };
		638622EC27A34DC3004BCEB8 /* MessageTableViewCell.swift in Sources */ = {isa = PBXBuildFile; fileRef = 638622EB27A34DC3004BCEB8 /* MessageTableViewCell.swift */; };
		638622EF27A34FF2004BCEB8 /* Message.swift in Sources */ = {isa = PBXBuildFile; fileRef = 638622EE27A34FF2004BCEB8 /* Message.swift */; };
		638622F127A47300004BCEB8 /* MessageViewModel.swift in Sources */ = {isa = PBXBuildFile; fileRef = 638622F027A47300004BCEB8 /* MessageViewModel.swift */; };
		638622F527A59A2D004BCEB8 /* FormulaCollectionViewCell.swift in Sources */ = {isa = PBXBuildFile; fileRef = 638622F427A59A2D004BCEB8 /* FormulaCollectionViewCell.swift */; };
		638622F727A5A587004BCEB8 /* DescriptionCollectionViewCell.swift in Sources */ = {isa = PBXBuildFile; fileRef = 638622F627A5A587004BCEB8 /* DescriptionCollectionViewCell.swift */; };
		638622F927A5B652004BCEB8 /* CollectionView.swift in Sources */ = {isa = PBXBuildFile; fileRef = 638622F827A5B652004BCEB8 /* CollectionView.swift */; };
		638622FB27A5D01E004BCEB8 /* TableView.swift in Sources */ = {isa = PBXBuildFile; fileRef = 638622FA27A5D01E004BCEB8 /* TableView.swift */; };
		639DCE0D27923404007FC2DC /* Schedule.swift in Sources */ = {isa = PBXBuildFile; fileRef = 639DCE0C27923404007FC2DC /* Schedule.swift */; };
		639DCE14279240E3007FC2DC /* ScheduleDay.swift in Sources */ = {isa = PBXBuildFile; fileRef = 639DCE13279240E3007FC2DC /* ScheduleDay.swift */; };
		639DCE162792E8D1007FC2DC /* Deadline.swift in Sources */ = {isa = PBXBuildFile; fileRef = 639DCE152792E8D1007FC2DC /* Deadline.swift */; };
		639DCE182792E8F6007FC2DC /* DeadlineDay.swift in Sources */ = {isa = PBXBuildFile; fileRef = 639DCE172792E8F6007FC2DC /* DeadlineDay.swift */; };
		639DCE1F2792FDA4007FC2DC /* BaseNavViewController.swift in Sources */ = {isa = PBXBuildFile; fileRef = 639DCE1E2792FDA4007FC2DC /* BaseNavViewController.swift */; };
		639DCE22279306B1007FC2DC /* ScheduleDayViewModel.swift in Sources */ = {isa = PBXBuildFile; fileRef = 639DCE21279306B1007FC2DC /* ScheduleDayViewModel.swift */; };
		639DCE2427937F95007FC2DC /* CourseCollectionViewCell.swift in Sources */ = {isa = PBXBuildFile; fileRef = 639DCE2327937F95007FC2DC /* CourseCollectionViewCell.swift */; };
		639DCE2E2794C7C8007FC2DC /* testPic.jpg in Resources */ = {isa = PBXBuildFile; fileRef = 639DCE2D2794C7C8007FC2DC /* testPic.jpg */; };
		639DCE302794C88D007FC2DC /* Image.swift in Sources */ = {isa = PBXBuildFile; fileRef = 639DCE2F2794C88D007FC2DC /* Image.swift */; };
		639DCE34279576A2007FC2DC /* EndPointType.swift in Sources */ = {isa = PBXBuildFile; fileRef = 639DCE33279576A2007FC2DC /* EndPointType.swift */; };
		639DCE3727957740007FC2DC /* Inter-Bold.ttf in Resources */ = {isa = PBXBuildFile; fileRef = 639DCE3627957740007FC2DC /* Inter-Bold.ttf */; };
		639DCE3927957750007FC2DC /* Inter-Medium.ttf in Resources */ = {isa = PBXBuildFile; fileRef = 639DCE3827957750007FC2DC /* Inter-Medium.ttf */; };
		639DCE3B2795775C007FC2DC /* Inter-Regular.ttf in Resources */ = {isa = PBXBuildFile; fileRef = 639DCE3A2795775C007FC2DC /* Inter-Regular.ttf */; };
		639DCE3D27957783007FC2DC /* Inter-SemiBold.ttf in Resources */ = {isa = PBXBuildFile; fileRef = 639DCE3C27957783007FC2DC /* Inter-SemiBold.ttf */; };
		639DCE3F27957A94007FC2DC /* Font.swift in Sources */ = {isa = PBXBuildFile; fileRef = 639DCE3E27957A94007FC2DC /* Font.swift */; };
		639DCE4127958C95007FC2DC /* Color.swift in Sources */ = {isa = PBXBuildFile; fileRef = 639DCE4027958C95007FC2DC /* Color.swift */; };
		639DCE4327975C6F007FC2DC /* CourseChatCollectionViewCell.swift in Sources */ = {isa = PBXBuildFile; fileRef = 639DCE4227975C6E007FC2DC /* CourseChatCollectionViewCell.swift */; };
		639DCE452797617C007FC2DC /* Label.swift in Sources */ = {isa = PBXBuildFile; fileRef = 639DCE442797617C007FC2DC /* Label.swift */; };
		639DCE47279865F3007FC2DC /* ScheduleTableViewCell.swift in Sources */ = {isa = PBXBuildFile; fileRef = 639DCE46279865F3007FC2DC /* ScheduleTableViewCell.swift */; };
		639DCE4927988969007FC2DC /* DeadlineTableViewCell.swift in Sources */ = {isa = PBXBuildFile; fileRef = 639DCE4827988969007FC2DC /* DeadlineTableViewCell.swift */; };
		639DCE4B2798B4F0007FC2DC /* SegmentCollectionViewCell.swift in Sources */ = {isa = PBXBuildFile; fileRef = 639DCE4A2798B4F0007FC2DC /* SegmentCollectionViewCell.swift */; };
		63C4D60B278DC58C0028381F /* AppDelegate.swift in Sources */ = {isa = PBXBuildFile; fileRef = 63C4D60A278DC58C0028381F /* AppDelegate.swift */; };
		63C4D60D278DC58C0028381F /* SceneDelegate.swift in Sources */ = {isa = PBXBuildFile; fileRef = 63C4D60C278DC58C0028381F /* SceneDelegate.swift */; };
		63C4D612278DC58C0028381F /* Main.storyboard in Resources */ = {isa = PBXBuildFile; fileRef = 63C4D610278DC58C0028381F /* Main.storyboard */; };
		63C4D614278DC58E0028381F /* Assets.xcassets in Resources */ = {isa = PBXBuildFile; fileRef = 63C4D613278DC58E0028381F /* Assets.xcassets */; };
		63C4D617278DC58E0028381F /* LaunchScreen.storyboard in Resources */ = {isa = PBXBuildFile; fileRef = 63C4D615278DC58E0028381F /* LaunchScreen.storyboard */; };
		63C4D622278DC58E0028381F /* HSETests.swift in Sources */ = {isa = PBXBuildFile; fileRef = 63C4D621278DC58E0028381F /* HSETests.swift */; };
		63C4D62C278DC58E0028381F /* HSEUITests.swift in Sources */ = {isa = PBXBuildFile; fileRef = 63C4D62B278DC58E0028381F /* HSEUITests.swift */; };
		63C4D62E278DC58E0028381F /* HSEUITestsLaunchTests.swift in Sources */ = {isa = PBXBuildFile; fileRef = 63C4D62D278DC58E0028381F /* HSEUITestsLaunchTests.swift */; };
		63C4D63B278DC7270028381F /* CoursesViewController.swift in Sources */ = {isa = PBXBuildFile; fileRef = 63C4D63A278DC7270028381F /* CoursesViewController.swift */; };
		63C4D641278DCD260028381F /* Course.swift in Sources */ = {isa = PBXBuildFile; fileRef = 63C4D640278DCD260028381F /* Course.swift */; };
		63C4D650278E38780028381F /* CourseViewModel.swift in Sources */ = {isa = PBXBuildFile; fileRef = 63C4D64F278E38780028381F /* CourseViewModel.swift */; };
		63F857C7278F2AA500F45A97 /* SegmentView.swift in Sources */ = {isa = PBXBuildFile; fileRef = 63F857C6278F2AA500F45A97 /* SegmentView.swift */; };
		63F857D1278F8C4800F45A97 /* LoginViewController.swift in Sources */ = {isa = PBXBuildFile; fileRef = 63F857D0278F8C4800F45A97 /* LoginViewController.swift */; };
		63F857D4278F8CEB00F45A97 /* Textfield.swift in Sources */ = {isa = PBXBuildFile; fileRef = 63F857D3278F8CEB00F45A97 /* Textfield.swift */; };
		63F857D7278F8F9F00F45A97 /* CustomSegmentedController.swift in Sources */ = {isa = PBXBuildFile; fileRef = 63F857D6278F8F9F00F45A97 /* CustomSegmentedController.swift */; };
		63F857DA279063FA00F45A97 /* TabBarBaseController.swift in Sources */ = {isa = PBXBuildFile; fileRef = 63F857D9279063FA00F45A97 /* TabBarBaseController.swift */; };
		63F857DC2790655600F45A97 /* ScheduleViewController.swift in Sources */ = {isa = PBXBuildFile; fileRef = 63F857DB2790655600F45A97 /* ScheduleViewController.swift */; };
		63F857DE2790657B00F45A97 /* GradesViewController.swift in Sources */ = {isa = PBXBuildFile; fileRef = 63F857DD2790657B00F45A97 /* GradesViewController.swift */; };
		63F857E02790658800F45A97 /* AccountViewController.swift in Sources */ = {isa = PBXBuildFile; fileRef = 63F857DF2790658800F45A97 /* AccountViewController.swift */; };
		63F857E82790DAE500F45A97 /* ExtendingNavBar.swift in Sources */ = {isa = PBXBuildFile; fileRef = 63F857E72790DAE500F45A97 /* ExtendingNavBar.swift */; };
		63F857EA2790F1D500F45A97 /* CalendarPopUpView.swift in Sources */ = {isa = PBXBuildFile; fileRef = 63F857E92790F1D400F45A97 /* CalendarPopUpView.swift */; };
		63F857EC2791880600F45A97 /* ScreenSize.swift in Sources */ = {isa = PBXBuildFile; fileRef = 63F857EB2791880600F45A97 /* ScreenSize.swift */; };
/* End PBXBuildFile section */

/* Begin PBXContainerItemProxy section */
		63C4D61E278DC58E0028381F /* PBXContainerItemProxy */ = {
			isa = PBXContainerItemProxy;
			containerPortal = 63C4D5FF278DC58C0028381F /* Project object */;
			proxyType = 1;
			remoteGlobalIDString = 63C4D606278DC58C0028381F;
			remoteInfo = HSE;
		};
		63C4D628278DC58E0028381F /* PBXContainerItemProxy */ = {
			isa = PBXContainerItemProxy;
			containerPortal = 63C4D5FF278DC58C0028381F /* Project object */;
			proxyType = 1;
			remoteGlobalIDString = 63C4D606278DC58C0028381F;
			remoteInfo = HSE;
		};
/* End PBXContainerItemProxy section */

/* Begin PBXFileReference section */
		6304EA9F27A8723200BDF75D /* MessageCellProtocol.swift */ = {isa = PBXFileReference; lastKnownFileType = sourcecode.swift; path = MessageCellProtocol.swift; sourceTree = "<group>"; };
		6304EAA127A873F400BDF75D /* BaseLeftMessageTableViewCell.swift */ = {isa = PBXFileReference; lastKnownFileType = sourcecode.swift; path = BaseLeftMessageTableViewCell.swift; sourceTree = "<group>"; };
		6304EAA327A8771100BDF75D /* LeftTextMessageTableViewCell.swift */ = {isa = PBXFileReference; lastKnownFileType = sourcecode.swift; path = LeftTextMessageTableViewCell.swift; sourceTree = "<group>"; };
		6304EAA527A87BC500BDF75D /* BaseRightMessageTableViewCell.swift */ = {isa = PBXFileReference; lastKnownFileType = sourcecode.swift; path = BaseRightMessageTableViewCell.swift; sourceTree = "<group>"; };
		6304EAA727A87C8100BDF75D /* RightTextMessageTableViewCell.swift */ = {isa = PBXFileReference; lastKnownFileType = sourcecode.swift; path = RightTextMessageTableViewCell.swift; sourceTree = "<group>"; };
		6304EAA927A87DC400BDF75D /* MessageCellFactory.swift */ = {isa = PBXFileReference; lastKnownFileType = sourcecode.swift; path = MessageCellFactory.swift; sourceTree = "<group>"; };
		6304EAAB27A8802000BDF75D /* LeftImageMessageTableViewCell.swift */ = {isa = PBXFileReference; lastKnownFileType = sourcecode.swift; path = LeftImageMessageTableViewCell.swift; sourceTree = "<group>"; };
		6304EAAD27A8817500BDF75D /* RightImageMessageTableViewCell.swift */ = {isa = PBXFileReference; lastKnownFileType = sourcecode.swift; path = RightImageMessageTableViewCell.swift; sourceTree = "<group>"; };
		6304EAB627AACFB500BDF75D /* ZoomAnimator.swift */ = {isa = PBXFileReference; lastKnownFileType = sourcecode.swift; path = ZoomAnimator.swift; sourceTree = "<group>"; };
		6304EAB827AAEB9900BDF75D /* ZoomTransitionController.swift */ = {isa = PBXFileReference; lastKnownFileType = sourcecode.swift; path = ZoomTransitionController.swift; sourceTree = "<group>"; };
		6304EABA27AAED4400BDF75D /* ZoomDismissalInteractionController.swift */ = {isa = PBXFileReference; lastKnownFileType = sourcecode.swift; path = ZoomDismissalInteractionController.swift; sourceTree = "<group>"; };
		6304EABC27AB018800BDF75D /* PhotoZoomViewController.swift */ = {isa = PBXFileReference; lastKnownFileType = sourcecode.swift; path = PhotoZoomViewController.swift; sourceTree = "<group>"; };
		6304EAC027AB131700BDF75D /* SFMonoMedium.otf */ = {isa = PBXFileReference; lastKnownFileType = file; path = SFMonoMedium.otf; sourceTree = "<group>"; };
		6304EAC327AC177000BDF75D /* InputView.swift */ = {isa = PBXFileReference; lastKnownFileType = sourcecode.swift; path = InputView.swift; sourceTree = "<group>"; };
		6304EAC527AC1AC200BDF75D /* InputContentCollectionViewCell.swift */ = {isa = PBXFileReference; lastKnownFileType = sourcecode.swift; path = InputContentCollectionViewCell.swift; sourceTree = "<group>"; };
		638622DE279CAFE1004BCEB8 /* TeachingStuffCollectionViewCell.swift */ = {isa = PBXFileReference; lastKnownFileType = sourcecode.swift; path = TeachingStuffCollectionViewCell.swift; sourceTree = "<group>"; };
		638622E527A3413C004BCEB8 /* TaskDetailViewController.swift */ = {isa = PBXFileReference; lastKnownFileType = sourcecode.swift; path = TaskDetailViewController.swift; sourceTree = "<group>"; };
		638622E927A34D87004BCEB8 /* ChatViewController.swift */ = {isa = PBXFileReference; lastKnownFileType = sourcecode.swift; path = ChatViewController.swift; sourceTree = "<group>"; };
		638622EB27A34DC3004BCEB8 /* MessageTableViewCell.swift */ = {isa = PBXFileReference; lastKnownFileType = sourcecode.swift; path = MessageTableViewCell.swift; sourceTree = "<group>"; };
		638622EE27A34FF2004BCEB8 /* Message.swift */ = {isa = PBXFileReference; lastKnownFileType = sourcecode.swift; path = Message.swift; sourceTree = "<group>"; };
		638622F027A47300004BCEB8 /* MessageViewModel.swift */ = {isa = PBXFileReference; lastKnownFileType = sourcecode.swift; path = MessageViewModel.swift; sourceTree = "<group>"; };
		638622F427A59A2D004BCEB8 /* FormulaCollectionViewCell.swift */ = {isa = PBXFileReference; lastKnownFileType = sourcecode.swift; path = FormulaCollectionViewCell.swift; sourceTree = "<group>"; };
		638622F627A5A587004BCEB8 /* DescriptionCollectionViewCell.swift */ = {isa = PBXFileReference; lastKnownFileType = sourcecode.swift; path = DescriptionCollectionViewCell.swift; sourceTree = "<group>"; };
		638622F827A5B652004BCEB8 /* CollectionView.swift */ = {isa = PBXFileReference; lastKnownFileType = sourcecode.swift; path = CollectionView.swift; sourceTree = "<group>"; };
		638622FA27A5D01E004BCEB8 /* TableView.swift */ = {isa = PBXFileReference; lastKnownFileType = sourcecode.swift; path = TableView.swift; sourceTree = "<group>"; };
		639DCE0C27923404007FC2DC /* Schedule.swift */ = {isa = PBXFileReference; lastKnownFileType = sourcecode.swift; path = Schedule.swift; sourceTree = "<group>"; };
		639DCE13279240E3007FC2DC /* ScheduleDay.swift */ = {isa = PBXFileReference; lastKnownFileType = sourcecode.swift; path = ScheduleDay.swift; sourceTree = "<group>"; };
		639DCE152792E8D1007FC2DC /* Deadline.swift */ = {isa = PBXFileReference; lastKnownFileType = sourcecode.swift; path = Deadline.swift; sourceTree = "<group>"; };
		639DCE172792E8F6007FC2DC /* DeadlineDay.swift */ = {isa = PBXFileReference; lastKnownFileType = sourcecode.swift; path = DeadlineDay.swift; sourceTree = "<group>"; };
		639DCE1E2792FDA4007FC2DC /* BaseNavViewController.swift */ = {isa = PBXFileReference; lastKnownFileType = sourcecode.swift; path = BaseNavViewController.swift; sourceTree = "<group>"; };
		639DCE21279306B1007FC2DC /* ScheduleDayViewModel.swift */ = {isa = PBXFileReference; lastKnownFileType = sourcecode.swift; path = ScheduleDayViewModel.swift; sourceTree = "<group>"; };
		639DCE2327937F95007FC2DC /* CourseCollectionViewCell.swift */ = {isa = PBXFileReference; lastKnownFileType = sourcecode.swift; path = CourseCollectionViewCell.swift; sourceTree = "<group>"; };
		639DCE2D2794C7C8007FC2DC /* testPic.jpg */ = {isa = PBXFileReference; lastKnownFileType = image.jpeg; name = testPic.jpg; path = HSE/testPic.jpg; sourceTree = SOURCE_ROOT; };
		639DCE2F2794C88D007FC2DC /* Image.swift */ = {isa = PBXFileReference; lastKnownFileType = sourcecode.swift; path = Image.swift; sourceTree = "<group>"; };
		639DCE33279576A2007FC2DC /* EndPointType.swift */ = {isa = PBXFileReference; lastKnownFileType = sourcecode.swift; path = EndPointType.swift; sourceTree = "<group>"; };
		639DCE3627957740007FC2DC /* Inter-Bold.ttf */ = {isa = PBXFileReference; lastKnownFileType = file; path = "Inter-Bold.ttf"; sourceTree = "<group>"; };
		639DCE3827957750007FC2DC /* Inter-Medium.ttf */ = {isa = PBXFileReference; lastKnownFileType = file; path = "Inter-Medium.ttf"; sourceTree = "<group>"; };
		639DCE3A2795775C007FC2DC /* Inter-Regular.ttf */ = {isa = PBXFileReference; lastKnownFileType = file; path = "Inter-Regular.ttf"; sourceTree = "<group>"; };
		639DCE3C27957783007FC2DC /* Inter-SemiBold.ttf */ = {isa = PBXFileReference; lastKnownFileType = file; path = "Inter-SemiBold.ttf"; sourceTree = "<group>"; };
		639DCE3E27957A94007FC2DC /* Font.swift */ = {isa = PBXFileReference; lastKnownFileType = sourcecode.swift; path = Font.swift; sourceTree = "<group>"; };
		639DCE4027958C95007FC2DC /* Color.swift */ = {isa = PBXFileReference; lastKnownFileType = sourcecode.swift; path = Color.swift; sourceTree = "<group>"; };
		639DCE4227975C6E007FC2DC /* CourseChatCollectionViewCell.swift */ = {isa = PBXFileReference; lastKnownFileType = sourcecode.swift; path = CourseChatCollectionViewCell.swift; sourceTree = "<group>"; };
		639DCE442797617C007FC2DC /* Label.swift */ = {isa = PBXFileReference; lastKnownFileType = sourcecode.swift; path = Label.swift; sourceTree = "<group>"; };
		639DCE46279865F3007FC2DC /* ScheduleTableViewCell.swift */ = {isa = PBXFileReference; lastKnownFileType = sourcecode.swift; path = ScheduleTableViewCell.swift; sourceTree = "<group>"; };
		639DCE4827988969007FC2DC /* DeadlineTableViewCell.swift */ = {isa = PBXFileReference; lastKnownFileType = sourcecode.swift; path = DeadlineTableViewCell.swift; sourceTree = "<group>"; };
		639DCE4A2798B4F0007FC2DC /* SegmentCollectionViewCell.swift */ = {isa = PBXFileReference; lastKnownFileType = sourcecode.swift; path = SegmentCollectionViewCell.swift; sourceTree = "<group>"; };
		63C4D607278DC58C0028381F /* HSE.app */ = {isa = PBXFileReference; explicitFileType = wrapper.application; includeInIndex = 0; path = HSE.app; sourceTree = BUILT_PRODUCTS_DIR; };
		63C4D60A278DC58C0028381F /* AppDelegate.swift */ = {isa = PBXFileReference; lastKnownFileType = sourcecode.swift; path = AppDelegate.swift; sourceTree = "<group>"; };
		63C4D60C278DC58C0028381F /* SceneDelegate.swift */ = {isa = PBXFileReference; lastKnownFileType = sourcecode.swift; path = SceneDelegate.swift; sourceTree = "<group>"; };
		63C4D611278DC58C0028381F /* Base */ = {isa = PBXFileReference; lastKnownFileType = file.storyboard; name = Base; path = Base.lproj/Main.storyboard; sourceTree = "<group>"; };
		63C4D613278DC58E0028381F /* Assets.xcassets */ = {isa = PBXFileReference; lastKnownFileType = folder.assetcatalog; path = Assets.xcassets; sourceTree = "<group>"; };
		63C4D616278DC58E0028381F /* Base */ = {isa = PBXFileReference; lastKnownFileType = file.storyboard; name = Base; path = Base.lproj/LaunchScreen.storyboard; sourceTree = "<group>"; };
		63C4D618278DC58E0028381F /* Info.plist */ = {isa = PBXFileReference; lastKnownFileType = text.plist.xml; path = Info.plist; sourceTree = "<group>"; };
		63C4D61D278DC58E0028381F /* HSETests.xctest */ = {isa = PBXFileReference; explicitFileType = wrapper.cfbundle; includeInIndex = 0; path = HSETests.xctest; sourceTree = BUILT_PRODUCTS_DIR; };
		63C4D621278DC58E0028381F /* HSETests.swift */ = {isa = PBXFileReference; lastKnownFileType = sourcecode.swift; path = HSETests.swift; sourceTree = "<group>"; };
		63C4D627278DC58E0028381F /* HSEUITests.xctest */ = {isa = PBXFileReference; explicitFileType = wrapper.cfbundle; includeInIndex = 0; path = HSEUITests.xctest; sourceTree = BUILT_PRODUCTS_DIR; };
		63C4D62B278DC58E0028381F /* HSEUITests.swift */ = {isa = PBXFileReference; lastKnownFileType = sourcecode.swift; path = HSEUITests.swift; sourceTree = "<group>"; };
		63C4D62D278DC58E0028381F /* HSEUITestsLaunchTests.swift */ = {isa = PBXFileReference; lastKnownFileType = sourcecode.swift; path = HSEUITestsLaunchTests.swift; sourceTree = "<group>"; };
		63C4D63A278DC7270028381F /* CoursesViewController.swift */ = {isa = PBXFileReference; lastKnownFileType = sourcecode.swift; path = CoursesViewController.swift; sourceTree = "<group>"; };
		63C4D640278DCD260028381F /* Course.swift */ = {isa = PBXFileReference; lastKnownFileType = sourcecode.swift; path = Course.swift; sourceTree = "<group>"; };
		63C4D64F278E38780028381F /* CourseViewModel.swift */ = {isa = PBXFileReference; lastKnownFileType = sourcecode.swift; path = CourseViewModel.swift; sourceTree = "<group>"; };
		63F857C6278F2AA500F45A97 /* SegmentView.swift */ = {isa = PBXFileReference; lastKnownFileType = sourcecode.swift; path = SegmentView.swift; sourceTree = "<group>"; };
		63F857D0278F8C4800F45A97 /* LoginViewController.swift */ = {isa = PBXFileReference; lastKnownFileType = sourcecode.swift; path = LoginViewController.swift; sourceTree = "<group>"; };
		63F857D3278F8CEB00F45A97 /* Textfield.swift */ = {isa = PBXFileReference; lastKnownFileType = sourcecode.swift; path = Textfield.swift; sourceTree = "<group>"; };
		63F857D6278F8F9F00F45A97 /* CustomSegmentedController.swift */ = {isa = PBXFileReference; lastKnownFileType = sourcecode.swift; path = CustomSegmentedController.swift; sourceTree = "<group>"; };
		63F857D9279063FA00F45A97 /* TabBarBaseController.swift */ = {isa = PBXFileReference; lastKnownFileType = sourcecode.swift; path = TabBarBaseController.swift; sourceTree = "<group>"; };
		63F857DB2790655600F45A97 /* ScheduleViewController.swift */ = {isa = PBXFileReference; lastKnownFileType = sourcecode.swift; path = ScheduleViewController.swift; sourceTree = "<group>"; };
		63F857DD2790657B00F45A97 /* GradesViewController.swift */ = {isa = PBXFileReference; lastKnownFileType = sourcecode.swift; path = GradesViewController.swift; sourceTree = "<group>"; };
		63F857DF2790658800F45A97 /* AccountViewController.swift */ = {isa = PBXFileReference; lastKnownFileType = sourcecode.swift; path = AccountViewController.swift; sourceTree = "<group>"; };
		63F857E72790DAE500F45A97 /* ExtendingNavBar.swift */ = {isa = PBXFileReference; lastKnownFileType = sourcecode.swift; path = ExtendingNavBar.swift; sourceTree = "<group>"; };
		63F857E92790F1D400F45A97 /* CalendarPopUpView.swift */ = {isa = PBXFileReference; lastKnownFileType = sourcecode.swift; path = CalendarPopUpView.swift; sourceTree = "<group>"; };
		63F857EB2791880600F45A97 /* ScreenSize.swift */ = {isa = PBXFileReference; lastKnownFileType = sourcecode.swift; path = ScreenSize.swift; sourceTree = "<group>"; };
/* End PBXFileReference section */

/* Begin PBXFrameworksBuildPhase section */
		63C4D604278DC58C0028381F /* Frameworks */ = {
			isa = PBXFrameworksBuildPhase;
			buildActionMask = 2147483647;
			files = (
			);
			runOnlyForDeploymentPostprocessing = 0;
		};
		63C4D61A278DC58E0028381F /* Frameworks */ = {
			isa = PBXFrameworksBuildPhase;
			buildActionMask = 2147483647;
			files = (
			);
			runOnlyForDeploymentPostprocessing = 0;
		};
		63C4D624278DC58E0028381F /* Frameworks */ = {
			isa = PBXFrameworksBuildPhase;
			buildActionMask = 2147483647;
			files = (
			);
			runOnlyForDeploymentPostprocessing = 0;
		};
/* End PBXFrameworksBuildPhase section */

/* Begin PBXGroup section */
		6304EAAF27A896FC00BDF75D /* BaseCell */ = {
			isa = PBXGroup;
			children = (
				6304EAA127A873F400BDF75D /* BaseLeftMessageTableViewCell.swift */,
				6304EAA527A87BC500BDF75D /* BaseRightMessageTableViewCell.swift */,
			);
			path = BaseCell;
			sourceTree = "<group>";
		};
		6304EAB027A8971D00BDF75D /* LeftCell */ = {
			isa = PBXGroup;
			children = (
				6304EAA327A8771100BDF75D /* LeftTextMessageTableViewCell.swift */,
				6304EAAB27A8802000BDF75D /* LeftImageMessageTableViewCell.swift */,
			);
			path = LeftCell;
			sourceTree = "<group>";
		};
		6304EAB127A8972A00BDF75D /* RightCell */ = {
			isa = PBXGroup;
			children = (
				6304EAA727A87C8100BDF75D /* RightTextMessageTableViewCell.swift */,
				6304EAAD27A8817500BDF75D /* RightImageMessageTableViewCell.swift */,
			);
			path = RightCell;
			sourceTree = "<group>";
		};
		6304EAB227A8999A00BDF75D /* Custom */ = {
			isa = PBXGroup;
			children = (
			);
			path = Custom;
			sourceTree = "<group>";
		};
		6304EAB527AACF9900BDF75D /* ImageAnimation */ = {
			isa = PBXGroup;
			children = (
				6304EAB627AACFB500BDF75D /* ZoomAnimator.swift */,
				6304EAB827AAEB9900BDF75D /* ZoomTransitionController.swift */,
				6304EABA27AAED4400BDF75D /* ZoomDismissalInteractionController.swift */,
			);
			path = ImageAnimation;
			sourceTree = "<group>";
		};
		6304EAC227AC173B00BDF75D /* InputView */ = {
			isa = PBXGroup;
			children = (
				6304EAC327AC177000BDF75D /* InputView.swift */,
				6304EAC527AC1AC200BDF75D /* InputContentCollectionViewCell.swift */,
			);
			path = InputView;
			sourceTree = "<group>";
		};
		638622E427A32A60004BCEB8 /* Chat */ = {
			isa = PBXGroup;
			children = (
				638622ED27A34FE1004BCEB8 /* ViewModel */,
				638622E827A34D0B004BCEB8 /* Model */,
				638622E727A34CFF004BCEB8 /* View */,
				638622E927A34D87004BCEB8 /* ChatViewController.swift */,
				6304EABC27AB018800BDF75D /* PhotoZoomViewController.swift */,
			);
			path = Chat;
			sourceTree = "<group>";
		};
		638622E727A34CFF004BCEB8 /* View */ = {
			isa = PBXGroup;
			children = (
				638622EB27A34DC3004BCEB8 /* MessageTableViewCell.swift */,
				6304EAA927A87DC400BDF75D /* MessageCellFactory.swift */,
				6304EA9F27A8723200BDF75D /* MessageCellProtocol.swift */,
				6304EAAF27A896FC00BDF75D /* BaseCell */,
				6304EAB027A8971D00BDF75D /* LeftCell */,
				6304EAB127A8972A00BDF75D /* RightCell */,
			);
			path = View;
			sourceTree = "<group>";
		};
		638622E827A34D0B004BCEB8 /* Model */ = {
			isa = PBXGroup;
			children = (
				638622EE27A34FF2004BCEB8 /* Message.swift */,
			);
			path = Model;
			sourceTree = "<group>";
		};
		638622ED27A34FE1004BCEB8 /* ViewModel */ = {
			isa = PBXGroup;
			children = (
				638622F027A47300004BCEB8 /* MessageViewModel.swift */,
			);
			path = ViewModel;
			sourceTree = "<group>";
		};
		639DCE0B279233F3007FC2DC /* Model */ = {
			isa = PBXGroup;
			children = (
				639DCE0C27923404007FC2DC /* Schedule.swift */,
				639DCE13279240E3007FC2DC /* ScheduleDay.swift */,
				639DCE152792E8D1007FC2DC /* Deadline.swift */,
				639DCE172792E8F6007FC2DC /* DeadlineDay.swift */,
			);
			path = Model;
			sourceTree = "<group>";
		};
		639DCE0E2792352A007FC2DC /* Views */ = {
			isa = PBXGroup;
			children = (
				63F857E92790F1D400F45A97 /* CalendarPopUpView.swift */,
				639DCE46279865F3007FC2DC /* ScheduleTableViewCell.swift */,
				639DCE4827988969007FC2DC /* DeadlineTableViewCell.swift */,
			);
			path = Views;
			sourceTree = "<group>";
		};
		639DCE192792E987007FC2DC /* Model */ = {
			isa = PBXGroup;
			children = (
				63C4D640278DCD260028381F /* Course.swift */,
			);
			path = Model;
			sourceTree = "<group>";
		};
		639DCE202793068B007FC2DC /* ViewModel */ = {
			isa = PBXGroup;
			children = (
				639DCE21279306B1007FC2DC /* ScheduleDayViewModel.swift */,
			);
			path = ViewModel;
			sourceTree = "<group>";
		};
		639DCE3127957658007FC2DC /* EndPoint */ = {
			isa = PBXGroup;
			children = (
			);
			path = EndPoint;
			sourceTree = "<group>";
		};
		639DCE322795768B007FC2DC /* Service */ = {
			isa = PBXGroup;
			children = (
				639DCE33279576A2007FC2DC /* EndPointType.swift */,
			);
			path = Service;
			sourceTree = "<group>";
		};
		639DCE3527957709007FC2DC /* Fonts */ = {
			isa = PBXGroup;
			children = (
				639DCE3627957740007FC2DC /* Inter-Bold.ttf */,
				639DCE3827957750007FC2DC /* Inter-Medium.ttf */,
				639DCE3A2795775C007FC2DC /* Inter-Regular.ttf */,
				639DCE3C27957783007FC2DC /* Inter-SemiBold.ttf */,
				6304EAC027AB131700BDF75D /* SFMonoMedium.otf */,
			);
			path = Fonts;
			sourceTree = "<group>";
		};
		63C4D5FE278DC58C0028381F = {
			isa = PBXGroup;
			children = (
				63C4D609278DC58C0028381F /* HSE */,
				63C4D620278DC58E0028381F /* HSETests */,
				63C4D62A278DC58E0028381F /* HSEUITests */,
				63C4D608278DC58C0028381F /* Products */,
			);
			sourceTree = "<group>";
		};
		63C4D608278DC58C0028381F /* Products */ = {
			isa = PBXGroup;
			children = (
				63C4D607278DC58C0028381F /* HSE.app */,
				63C4D61D278DC58E0028381F /* HSETests.xctest */,
				63C4D627278DC58E0028381F /* HSEUITests.xctest */,
			);
			name = Products;
			sourceTree = "<group>";
		};
		63C4D609278DC58C0028381F /* HSE */ = {
			isa = PBXGroup;
			children = (
				63F857CE278F8A5300F45A97 /* Main */,
				63C4D64C278E37320028381F /* Modules */,
				63C4D64A278E35A80028381F /* Networking */,
				63C4D649278E358F0028381F /* Utilties */,
				639DCE3527957709007FC2DC /* Fonts */,
				63C4D610278DC58C0028381F /* Main.storyboard */,
				63C4D613278DC58E0028381F /* Assets.xcassets */,
				63C4D615278DC58E0028381F /* LaunchScreen.storyboard */,
				63C4D618278DC58E0028381F /* Info.plist */,
				639DCE2D2794C7C8007FC2DC /* testPic.jpg */,
			);
			path = HSE;
			sourceTree = "<group>";
		};
		63C4D620278DC58E0028381F /* HSETests */ = {
			isa = PBXGroup;
			children = (
				63C4D621278DC58E0028381F /* HSETests.swift */,
			);
			path = HSETests;
			sourceTree = "<group>";
		};
		63C4D62A278DC58E0028381F /* HSEUITests */ = {
			isa = PBXGroup;
			children = (
				63C4D62B278DC58E0028381F /* HSEUITests.swift */,
				63C4D62D278DC58E0028381F /* HSEUITestsLaunchTests.swift */,
			);
			path = HSEUITests;
			sourceTree = "<group>";
		};
		63C4D649278E358F0028381F /* Utilties */ = {
			isa = PBXGroup;
			children = (
				6304EAC227AC173B00BDF75D /* InputView */,
				6304EAB527AACF9900BDF75D /* ImageAnimation */,
				6304EAB227A8999A00BDF75D /* Custom */,
				63F857E62790D35E00F45A97 /* CustomExtendingNavBar */,
				63F857D5278F8F8100F45A97 /* CustomSegmentedContoller */,
				63F857D2278F8CD400F45A97 /* Extensions */,
				63C4D658278E47980028381F /* SegmentController */,
				63F857EB2791880600F45A97 /* ScreenSize.swift */,
			);
			path = Utilties;
			sourceTree = "<group>";
		};
		63C4D64A278E35A80028381F /* Networking */ = {
			isa = PBXGroup;
			children = (
				639DCE322795768B007FC2DC /* Service */,
				639DCE3127957658007FC2DC /* EndPoint */,
			);
			path = Networking;
			sourceTree = "<group>";
		};
		63C4D64C278E37320028381F /* Modules */ = {
			isa = PBXGroup;
			children = (
				638622E427A32A60004BCEB8 /* Chat */,
				63F857CF278F8C2F00F45A97 /* Auth */,
				63F857E3279085CD00F45A97 /* Schedule */,
				63C4D64D278E37410028381F /* Courses */,
				63F857E4279085DA00F45A97 /* Grades */,
				63F857E5279085E400F45A97 /* Account */,
			);
			path = Modules;
			sourceTree = "<group>";
		};
		63C4D64D278E37410028381F /* Courses */ = {
			isa = PBXGroup;
			children = (
				639DCE192792E987007FC2DC /* Model */,
				63C4D651278E3A000028381F /* View */,
				63C4D64E278E37830028381F /* ViewModel */,
				63C4D63A278DC7270028381F /* CoursesViewController.swift */,
			);
			path = Courses;
			sourceTree = "<group>";
		};
		63C4D64E278E37830028381F /* ViewModel */ = {
			isa = PBXGroup;
			children = (
				63C4D64F278E38780028381F /* CourseViewModel.swift */,
			);
			path = ViewModel;
			sourceTree = "<group>";
		};
		63C4D651278E3A000028381F /* View */ = {
			isa = PBXGroup;
			children = (
				639DCE2327937F95007FC2DC /* CourseCollectionViewCell.swift */,
				639DCE4227975C6E007FC2DC /* CourseChatCollectionViewCell.swift */,
				638622F627A5A587004BCEB8 /* DescriptionCollectionViewCell.swift */,
				638622DE279CAFE1004BCEB8 /* TeachingStuffCollectionViewCell.swift */,
				638622F427A59A2D004BCEB8 /* FormulaCollectionViewCell.swift */,
			);
			path = View;
			sourceTree = "<group>";
		};
		63C4D658278E47980028381F /* SegmentController */ = {
			isa = PBXGroup;
			children = (
				63F857C6278F2AA500F45A97 /* SegmentView.swift */,
				639DCE4A2798B4F0007FC2DC /* SegmentCollectionViewCell.swift */,
			);
			path = SegmentController;
			sourceTree = "<group>";
		};
		63F857CE278F8A5300F45A97 /* Main */ = {
			isa = PBXGroup;
			children = (
				63C4D60A278DC58C0028381F /* AppDelegate.swift */,
				63C4D60C278DC58C0028381F /* SceneDelegate.swift */,
				63F857D8279063C000F45A97 /* CustomTabBar */,
			);
			path = Main;
			sourceTree = "<group>";
		};
		63F857CF278F8C2F00F45A97 /* Auth */ = {
			isa = PBXGroup;
			children = (
				63F857D0278F8C4800F45A97 /* LoginViewController.swift */,
			);
			path = Auth;
			sourceTree = "<group>";
		};
		63F857D2278F8CD400F45A97 /* Extensions */ = {
			isa = PBXGroup;
			children = (
				63F857D3278F8CEB00F45A97 /* Textfield.swift */,
				639DCE2F2794C88D007FC2DC /* Image.swift */,
				639DCE3E27957A94007FC2DC /* Font.swift */,
				639DCE4027958C95007FC2DC /* Color.swift */,
				639DCE442797617C007FC2DC /* Label.swift */,
				638622F827A5B652004BCEB8 /* CollectionView.swift */,
				638622FA27A5D01E004BCEB8 /* TableView.swift */,
			);
			path = Extensions;
			sourceTree = "<group>";
		};
		63F857D5278F8F8100F45A97 /* CustomSegmentedContoller */ = {
			isa = PBXGroup;
			children = (
				63F857D6278F8F9F00F45A97 /* CustomSegmentedController.swift */,
			);
			path = CustomSegmentedContoller;
			sourceTree = "<group>";
		};
		63F857D8279063C000F45A97 /* CustomTabBar */ = {
			isa = PBXGroup;
			children = (
				63F857D9279063FA00F45A97 /* TabBarBaseController.swift */,
				639DCE1E2792FDA4007FC2DC /* BaseNavViewController.swift */,
			);
			path = CustomTabBar;
			sourceTree = "<group>";
		};
		63F857E3279085CD00F45A97 /* Schedule */ = {
			isa = PBXGroup;
			children = (
				639DCE0B279233F3007FC2DC /* Model */,
				639DCE0E2792352A007FC2DC /* Views */,
				639DCE202793068B007FC2DC /* ViewModel */,
				63F857DB2790655600F45A97 /* ScheduleViewController.swift */,
				638622E527A3413C004BCEB8 /* TaskDetailViewController.swift */,
			);
			path = Schedule;
			sourceTree = "<group>";
		};
		63F857E4279085DA00F45A97 /* Grades */ = {
			isa = PBXGroup;
			children = (
				63F857DD2790657B00F45A97 /* GradesViewController.swift */,
			);
			path = Grades;
			sourceTree = "<group>";
		};
		63F857E5279085E400F45A97 /* Account */ = {
			isa = PBXGroup;
			children = (
				63F857DF2790658800F45A97 /* AccountViewController.swift */,
			);
			path = Account;
			sourceTree = "<group>";
		};
		63F857E62790D35E00F45A97 /* CustomExtendingNavBar */ = {
			isa = PBXGroup;
			children = (
				63F857E72790DAE500F45A97 /* ExtendingNavBar.swift */,
			);
			path = CustomExtendingNavBar;
			sourceTree = "<group>";
		};
/* End PBXGroup section */

/* Begin PBXNativeTarget section */
		63C4D606278DC58C0028381F /* HSE */ = {
			isa = PBXNativeTarget;
			buildConfigurationList = 63C4D631278DC58E0028381F /* Build configuration list for PBXNativeTarget "HSE" */;
			buildPhases = (
				63C4D603278DC58C0028381F /* Sources */,
				63C4D604278DC58C0028381F /* Frameworks */,
				63C4D605278DC58C0028381F /* Resources */,
			);
			buildRules = (
			);
			dependencies = (
			);
			name = HSE;
			productName = HSE;
			productReference = 63C4D607278DC58C0028381F /* HSE.app */;
			productType = "com.apple.product-type.application";
		};
		63C4D61C278DC58E0028381F /* HSETests */ = {
			isa = PBXNativeTarget;
			buildConfigurationList = 63C4D634278DC58E0028381F /* Build configuration list for PBXNativeTarget "HSETests" */;
			buildPhases = (
				63C4D619278DC58E0028381F /* Sources */,
				63C4D61A278DC58E0028381F /* Frameworks */,
				63C4D61B278DC58E0028381F /* Resources */,
			);
			buildRules = (
			);
			dependencies = (
				63C4D61F278DC58E0028381F /* PBXTargetDependency */,
			);
			name = HSETests;
			productName = HSETests;
			productReference = 63C4D61D278DC58E0028381F /* HSETests.xctest */;
			productType = "com.apple.product-type.bundle.unit-test";
		};
		63C4D626278DC58E0028381F /* HSEUITests */ = {
			isa = PBXNativeTarget;
			buildConfigurationList = 63C4D637278DC58E0028381F /* Build configuration list for PBXNativeTarget "HSEUITests" */;
			buildPhases = (
				63C4D623278DC58E0028381F /* Sources */,
				63C4D624278DC58E0028381F /* Frameworks */,
				63C4D625278DC58E0028381F /* Resources */,
			);
			buildRules = (
			);
			dependencies = (
				63C4D629278DC58E0028381F /* PBXTargetDependency */,
			);
			name = HSEUITests;
			productName = HSEUITests;
			productReference = 63C4D627278DC58E0028381F /* HSEUITests.xctest */;
			productType = "com.apple.product-type.bundle.ui-testing";
		};
/* End PBXNativeTarget section */

/* Begin PBXProject section */
		63C4D5FF278DC58C0028381F /* Project object */ = {
			isa = PBXProject;
			attributes = {
				BuildIndependentTargetsInParallel = 1;
				LastSwiftUpdateCheck = 1310;
				LastUpgradeCheck = 1310;
				TargetAttributes = {
					63C4D606278DC58C0028381F = {
						CreatedOnToolsVersion = 13.1;
					};
					63C4D61C278DC58E0028381F = {
						CreatedOnToolsVersion = 13.1;
						TestTargetID = 63C4D606278DC58C0028381F;
					};
					63C4D626278DC58E0028381F = {
						CreatedOnToolsVersion = 13.1;
						TestTargetID = 63C4D606278DC58C0028381F;
					};
				};
			};
			buildConfigurationList = 63C4D602278DC58C0028381F /* Build configuration list for PBXProject "HSE" */;
			compatibilityVersion = "Xcode 13.0";
			developmentRegion = en;
			hasScannedForEncodings = 0;
			knownRegions = (
				en,
				Base,
			);
			mainGroup = 63C4D5FE278DC58C0028381F;
			productRefGroup = 63C4D608278DC58C0028381F /* Products */;
			projectDirPath = "";
			projectRoot = "";
			targets = (
				63C4D606278DC58C0028381F /* HSE */,
				63C4D61C278DC58E0028381F /* HSETests */,
				63C4D626278DC58E0028381F /* HSEUITests */,
			);
		};
/* End PBXProject section */

/* Begin PBXResourcesBuildPhase section */
		63C4D605278DC58C0028381F /* Resources */ = {
			isa = PBXResourcesBuildPhase;
			buildActionMask = 2147483647;
			files = (
				6304EAC127AB131700BDF75D /* SFMonoMedium.otf in Resources */,
				639DCE2E2794C7C8007FC2DC /* testPic.jpg in Resources */,
				63C4D617278DC58E0028381F /* LaunchScreen.storyboard in Resources */,
				63C4D614278DC58E0028381F /* Assets.xcassets in Resources */,
				639DCE3D27957783007FC2DC /* Inter-SemiBold.ttf in Resources */,
				63C4D612278DC58C0028381F /* Main.storyboard in Resources */,
				639DCE3727957740007FC2DC /* Inter-Bold.ttf in Resources */,
				639DCE3927957750007FC2DC /* Inter-Medium.ttf in Resources */,
				639DCE3B2795775C007FC2DC /* Inter-Regular.ttf in Resources */,
			);
			runOnlyForDeploymentPostprocessing = 0;
		};
		63C4D61B278DC58E0028381F /* Resources */ = {
			isa = PBXResourcesBuildPhase;
			buildActionMask = 2147483647;
			files = (
			);
			runOnlyForDeploymentPostprocessing = 0;
		};
		63C4D625278DC58E0028381F /* Resources */ = {
			isa = PBXResourcesBuildPhase;
			buildActionMask = 2147483647;
			files = (
			);
			runOnlyForDeploymentPostprocessing = 0;
		};
/* End PBXResourcesBuildPhase section */

/* Begin PBXSourcesBuildPhase section */
		63C4D603278DC58C0028381F /* Sources */ = {
			isa = PBXSourcesBuildPhase;
			buildActionMask = 2147483647;
			files = (
				63F857E82790DAE500F45A97 /* ExtendingNavBar.swift in Sources */,
				6304EAA027A8723300BDF75D /* MessageCellProtocol.swift in Sources */,
				6304EAB727AACFB500BDF75D /* ZoomAnimator.swift in Sources */,
				6304EAAE27A8817500BDF75D /* RightImageMessageTableViewCell.swift in Sources */,
				63F857DA279063FA00F45A97 /* TabBarBaseController.swift in Sources */,
				6304EAB927AAEB9900BDF75D /* ZoomTransitionController.swift in Sources */,
				638622F127A47300004BCEB8 /* MessageViewModel.swift in Sources */,
				63C4D641278DCD260028381F /* Course.swift in Sources */,
				63F857E02790658800F45A97 /* AccountViewController.swift in Sources */,
				639DCE4B2798B4F0007FC2DC /* SegmentCollectionViewCell.swift in Sources */,
				6304EAA627A87BC500BDF75D /* BaseRightMessageTableViewCell.swift in Sources */,
				639DCE162792E8D1007FC2DC /* Deadline.swift in Sources */,
				638622F727A5A587004BCEB8 /* DescriptionCollectionViewCell.swift in Sources */,
				6304EAA827A87C8100BDF75D /* RightTextMessageTableViewCell.swift in Sources */,
				639DCE4127958C95007FC2DC /* Color.swift in Sources */,
				63C4D60B278DC58C0028381F /* AppDelegate.swift in Sources */,
				63F857EC2791880600F45A97 /* ScreenSize.swift in Sources */,
				638622EF27A34FF2004BCEB8 /* Message.swift in Sources */,
				639DCE34279576A2007FC2DC /* EndPointType.swift in Sources */,
				639DCE1F2792FDA4007FC2DC /* BaseNavViewController.swift in Sources */,
				6304EAA427A8771100BDF75D /* LeftTextMessageTableViewCell.swift in Sources */,
				63F857DC2790655600F45A97 /* ScheduleViewController.swift in Sources */,
				63C4D60D278DC58C0028381F /* SceneDelegate.swift in Sources */,
				6304EABD27AB018800BDF75D /* PhotoZoomViewController.swift in Sources */,
				639DCE14279240E3007FC2DC /* ScheduleDay.swift in Sources */,
				639DCE452797617C007FC2DC /* Label.swift in Sources */,
				63F857DE2790657B00F45A97 /* GradesViewController.swift in Sources */,
				639DCE4327975C6F007FC2DC /* CourseChatCollectionViewCell.swift in Sources */,
				63F857D4278F8CEB00F45A97 /* Textfield.swift in Sources */,
				638622E627A3413C004BCEB8 /* TaskDetailViewController.swift in Sources */,
				639DCE2427937F95007FC2DC /* CourseCollectionViewCell.swift in Sources */,
				63F857D7278F8F9F00F45A97 /* CustomSegmentedController.swift in Sources */,
				639DCE302794C88D007FC2DC /* Image.swift in Sources */,
				638622EC27A34DC3004BCEB8 /* MessageTableViewCell.swift in Sources */,
				639DCE182792E8F6007FC2DC /* DeadlineDay.swift in Sources */,
				639DCE22279306B1007FC2DC /* ScheduleDayViewModel.swift in Sources */,
				6304EAAA27A87DC400BDF75D /* MessageCellFactory.swift in Sources */,
				63F857D1278F8C4800F45A97 /* LoginViewController.swift in Sources */,
				638622F927A5B652004BCEB8 /* CollectionView.swift in Sources */,
				639DCE3F27957A94007FC2DC /* Font.swift in Sources */,
				6304EAAC27A8802000BDF75D /* LeftImageMessageTableViewCell.swift in Sources */,
				638622FB27A5D01E004BCEB8 /* TableView.swift in Sources */,
				63C4D650278E38780028381F /* CourseViewModel.swift in Sources */,
				639DCE47279865F3007FC2DC /* ScheduleTableViewCell.swift in Sources */,
				63F857C7278F2AA500F45A97 /* SegmentView.swift in Sources */,
				638622DF279CAFE1004BCEB8 /* TeachingStuffCollectionViewCell.swift in Sources */,
				639DCE0D27923404007FC2DC /* Schedule.swift in Sources */,
				6304EABB27AAED4400BDF75D /* ZoomDismissalInteractionController.swift in Sources */,
				638622F527A59A2D004BCEB8 /* FormulaCollectionViewCell.swift in Sources */,
				6304EAC627AC1AC200BDF75D /* InputContentCollectionViewCell.swift in Sources */,
				638622EA27A34D87004BCEB8 /* ChatViewController.swift in Sources */,
				6304EAA227A873F400BDF75D /* BaseLeftMessageTableViewCell.swift in Sources */,
				63C4D63B278DC7270028381F /* CoursesViewController.swift in Sources */,
				6304EAC427AC177000BDF75D /* InputView.swift in Sources */,
				639DCE4927988969007FC2DC /* DeadlineTableViewCell.swift in Sources */,
				63F857EA2790F1D500F45A97 /* CalendarPopUpView.swift in Sources */,
			);
			runOnlyForDeploymentPostprocessing = 0;
		};
		63C4D619278DC58E0028381F /* Sources */ = {
			isa = PBXSourcesBuildPhase;
			buildActionMask = 2147483647;
			files = (
				63C4D622278DC58E0028381F /* HSETests.swift in Sources */,
			);
			runOnlyForDeploymentPostprocessing = 0;
		};
		63C4D623278DC58E0028381F /* Sources */ = {
			isa = PBXSourcesBuildPhase;
			buildActionMask = 2147483647;
			files = (
				63C4D62C278DC58E0028381F /* HSEUITests.swift in Sources */,
				63C4D62E278DC58E0028381F /* HSEUITestsLaunchTests.swift in Sources */,
			);
			runOnlyForDeploymentPostprocessing = 0;
		};
/* End PBXSourcesBuildPhase section */

/* Begin PBXTargetDependency section */
		63C4D61F278DC58E0028381F /* PBXTargetDependency */ = {
			isa = PBXTargetDependency;
			target = 63C4D606278DC58C0028381F /* HSE */;
			targetProxy = 63C4D61E278DC58E0028381F /* PBXContainerItemProxy */;
		};
		63C4D629278DC58E0028381F /* PBXTargetDependency */ = {
			isa = PBXTargetDependency;
			target = 63C4D606278DC58C0028381F /* HSE */;
			targetProxy = 63C4D628278DC58E0028381F /* PBXContainerItemProxy */;
		};
/* End PBXTargetDependency section */

/* Begin PBXVariantGroup section */
		63C4D610278DC58C0028381F /* Main.storyboard */ = {
			isa = PBXVariantGroup;
			children = (
				63C4D611278DC58C0028381F /* Base */,
			);
			name = Main.storyboard;
			path = HSE;
			sourceTree = SOURCE_ROOT;
		};
		63C4D615278DC58E0028381F /* LaunchScreen.storyboard */ = {
			isa = PBXVariantGroup;
			children = (
				63C4D616278DC58E0028381F /* Base */,
			);
			name = LaunchScreen.storyboard;
			sourceTree = "<group>";
		};
/* End PBXVariantGroup section */

/* Begin XCBuildConfiguration section */
		63C4D62F278DC58E0028381F /* Debug */ = {
			isa = XCBuildConfiguration;
			buildSettings = {
				ALWAYS_SEARCH_USER_PATHS = NO;
				CLANG_ANALYZER_NONNULL = YES;
				CLANG_ANALYZER_NUMBER_OBJECT_CONVERSION = YES_AGGRESSIVE;
				CLANG_CXX_LANGUAGE_STANDARD = "gnu++17";
				CLANG_CXX_LIBRARY = "libc++";
				CLANG_ENABLE_MODULES = YES;
				CLANG_ENABLE_OBJC_ARC = YES;
				CLANG_ENABLE_OBJC_WEAK = YES;
				CLANG_WARN_BLOCK_CAPTURE_AUTORELEASING = YES;
				CLANG_WARN_BOOL_CONVERSION = YES;
				CLANG_WARN_COMMA = YES;
				CLANG_WARN_CONSTANT_CONVERSION = YES;
				CLANG_WARN_DEPRECATED_OBJC_IMPLEMENTATIONS = YES;
				CLANG_WARN_DIRECT_OBJC_ISA_USAGE = YES_ERROR;
				CLANG_WARN_DOCUMENTATION_COMMENTS = YES;
				CLANG_WARN_EMPTY_BODY = YES;
				CLANG_WARN_ENUM_CONVERSION = YES;
				CLANG_WARN_INFINITE_RECURSION = YES;
				CLANG_WARN_INT_CONVERSION = YES;
				CLANG_WARN_NON_LITERAL_NULL_CONVERSION = YES;
				CLANG_WARN_OBJC_IMPLICIT_RETAIN_SELF = YES;
				CLANG_WARN_OBJC_LITERAL_CONVERSION = YES;
				CLANG_WARN_OBJC_ROOT_CLASS = YES_ERROR;
				CLANG_WARN_QUOTED_INCLUDE_IN_FRAMEWORK_HEADER = YES;
				CLANG_WARN_RANGE_LOOP_ANALYSIS = YES;
				CLANG_WARN_STRICT_PROTOTYPES = YES;
				CLANG_WARN_SUSPICIOUS_MOVE = YES;
				CLANG_WARN_UNGUARDED_AVAILABILITY = YES_AGGRESSIVE;
				CLANG_WARN_UNREACHABLE_CODE = YES;
				CLANG_WARN__DUPLICATE_METHOD_MATCH = YES;
				COPY_PHASE_STRIP = NO;
				DEBUG_INFORMATION_FORMAT = dwarf;
				ENABLE_STRICT_OBJC_MSGSEND = YES;
				ENABLE_TESTABILITY = YES;
				GCC_C_LANGUAGE_STANDARD = gnu11;
				GCC_DYNAMIC_NO_PIC = NO;
				GCC_NO_COMMON_BLOCKS = YES;
				GCC_OPTIMIZATION_LEVEL = 0;
				GCC_PREPROCESSOR_DEFINITIONS = (
					"DEBUG=1",
					"$(inherited)",
				);
				GCC_WARN_64_TO_32_BIT_CONVERSION = YES;
				GCC_WARN_ABOUT_RETURN_TYPE = YES_ERROR;
				GCC_WARN_UNDECLARED_SELECTOR = YES;
				GCC_WARN_UNINITIALIZED_AUTOS = YES_AGGRESSIVE;
				GCC_WARN_UNUSED_FUNCTION = YES;
				GCC_WARN_UNUSED_VARIABLE = YES;
				IPHONEOS_DEPLOYMENT_TARGET = 14.6;
				MTL_ENABLE_DEBUG_INFO = INCLUDE_SOURCE;
				MTL_FAST_MATH = YES;
				ONLY_ACTIVE_ARCH = YES;
				SDKROOT = iphoneos;
				SWIFT_ACTIVE_COMPILATION_CONDITIONS = DEBUG;
				SWIFT_OPTIMIZATION_LEVEL = "-Onone";
			};
			name = Debug;
		};
		63C4D630278DC58E0028381F /* Release */ = {
			isa = XCBuildConfiguration;
			buildSettings = {
				ALWAYS_SEARCH_USER_PATHS = NO;
				CLANG_ANALYZER_NONNULL = YES;
				CLANG_ANALYZER_NUMBER_OBJECT_CONVERSION = YES_AGGRESSIVE;
				CLANG_CXX_LANGUAGE_STANDARD = "gnu++17";
				CLANG_CXX_LIBRARY = "libc++";
				CLANG_ENABLE_MODULES = YES;
				CLANG_ENABLE_OBJC_ARC = YES;
				CLANG_ENABLE_OBJC_WEAK = YES;
				CLANG_WARN_BLOCK_CAPTURE_AUTORELEASING = YES;
				CLANG_WARN_BOOL_CONVERSION = YES;
				CLANG_WARN_COMMA = YES;
				CLANG_WARN_CONSTANT_CONVERSION = YES;
				CLANG_WARN_DEPRECATED_OBJC_IMPLEMENTATIONS = YES;
				CLANG_WARN_DIRECT_OBJC_ISA_USAGE = YES_ERROR;
				CLANG_WARN_DOCUMENTATION_COMMENTS = YES;
				CLANG_WARN_EMPTY_BODY = YES;
				CLANG_WARN_ENUM_CONVERSION = YES;
				CLANG_WARN_INFINITE_RECURSION = YES;
				CLANG_WARN_INT_CONVERSION = YES;
				CLANG_WARN_NON_LITERAL_NULL_CONVERSION = YES;
				CLANG_WARN_OBJC_IMPLICIT_RETAIN_SELF = YES;
				CLANG_WARN_OBJC_LITERAL_CONVERSION = YES;
				CLANG_WARN_OBJC_ROOT_CLASS = YES_ERROR;
				CLANG_WARN_QUOTED_INCLUDE_IN_FRAMEWORK_HEADER = YES;
				CLANG_WARN_RANGE_LOOP_ANALYSIS = YES;
				CLANG_WARN_STRICT_PROTOTYPES = YES;
				CLANG_WARN_SUSPICIOUS_MOVE = YES;
				CLANG_WARN_UNGUARDED_AVAILABILITY = YES_AGGRESSIVE;
				CLANG_WARN_UNREACHABLE_CODE = YES;
				CLANG_WARN__DUPLICATE_METHOD_MATCH = YES;
				COPY_PHASE_STRIP = NO;
				DEBUG_INFORMATION_FORMAT = "dwarf-with-dsym";
				ENABLE_NS_ASSERTIONS = NO;
				ENABLE_STRICT_OBJC_MSGSEND = YES;
				GCC_C_LANGUAGE_STANDARD = gnu11;
				GCC_NO_COMMON_BLOCKS = YES;
				GCC_WARN_64_TO_32_BIT_CONVERSION = YES;
				GCC_WARN_ABOUT_RETURN_TYPE = YES_ERROR;
				GCC_WARN_UNDECLARED_SELECTOR = YES;
				GCC_WARN_UNINITIALIZED_AUTOS = YES_AGGRESSIVE;
				GCC_WARN_UNUSED_FUNCTION = YES;
				GCC_WARN_UNUSED_VARIABLE = YES;
				IPHONEOS_DEPLOYMENT_TARGET = 14.6;
				MTL_ENABLE_DEBUG_INFO = NO;
				MTL_FAST_MATH = YES;
				SDKROOT = iphoneos;
				SWIFT_COMPILATION_MODE = wholemodule;
				SWIFT_OPTIMIZATION_LEVEL = "-O";
				VALIDATE_PRODUCT = YES;
			};
			name = Release;
		};
		63C4D632278DC58E0028381F /* Debug */ = {
			isa = XCBuildConfiguration;
			buildSettings = {
				ASSETCATALOG_COMPILER_APPICON_NAME = AppIcon;
				ASSETCATALOG_COMPILER_GLOBAL_ACCENT_COLOR_NAME = AccentColor;
				CODE_SIGN_STYLE = Automatic;
				CURRENT_PROJECT_VERSION = 1;
				DEVELOPMENT_TEAM = 7QZL932B66;
				GENERATE_INFOPLIST_FILE = YES;
				INFOPLIST_FILE = HSE/Info.plist;
				INFOPLIST_KEY_UIApplicationSupportsIndirectInputEvents = YES;
				INFOPLIST_KEY_UILaunchStoryboardName = LaunchScreen;
				INFOPLIST_KEY_UIMainStoryboardFile = Main;
				INFOPLIST_KEY_UISupportedInterfaceOrientations_iPad = "UIInterfaceOrientationPortrait UIInterfaceOrientationPortraitUpsideDown UIInterfaceOrientationLandscapeLeft UIInterfaceOrientationLandscapeRight";
				INFOPLIST_KEY_UISupportedInterfaceOrientations_iPhone = "UIInterfaceOrientationPortrait UIInterfaceOrientationLandscapeLeft UIInterfaceOrientationLandscapeRight";
				LD_RUNPATH_SEARCH_PATHS = (
					"$(inherited)",
					"@executable_path/Frameworks",
				);
				MARKETING_VERSION = 1.0;
				PRODUCT_BUNDLE_IDENTIFIER = skymanapps.HSE;
				PRODUCT_NAME = "$(TARGET_NAME)";
				SWIFT_EMIT_LOC_STRINGS = YES;
				SWIFT_VERSION = 5.0;
				TARGETED_DEVICE_FAMILY = "1,2";
			};
			name = Debug;
		};
		63C4D633278DC58E0028381F /* Release */ = {
			isa = XCBuildConfiguration;
			buildSettings = {
				ASSETCATALOG_COMPILER_APPICON_NAME = AppIcon;
				ASSETCATALOG_COMPILER_GLOBAL_ACCENT_COLOR_NAME = AccentColor;
				CODE_SIGN_STYLE = Automatic;
				CURRENT_PROJECT_VERSION = 1;
				DEVELOPMENT_TEAM = 7QZL932B66;
				GENERATE_INFOPLIST_FILE = YES;
				INFOPLIST_FILE = HSE/Info.plist;
				INFOPLIST_KEY_UIApplicationSupportsIndirectInputEvents = YES;
				INFOPLIST_KEY_UILaunchStoryboardName = LaunchScreen;
				INFOPLIST_KEY_UIMainStoryboardFile = Main;
				INFOPLIST_KEY_UISupportedInterfaceOrientations_iPad = "UIInterfaceOrientationPortrait UIInterfaceOrientationPortraitUpsideDown UIInterfaceOrientationLandscapeLeft UIInterfaceOrientationLandscapeRight";
				INFOPLIST_KEY_UISupportedInterfaceOrientations_iPhone = "UIInterfaceOrientationPortrait UIInterfaceOrientationLandscapeLeft UIInterfaceOrientationLandscapeRight";
				LD_RUNPATH_SEARCH_PATHS = (
					"$(inherited)",
					"@executable_path/Frameworks",
				);
				MARKETING_VERSION = 1.0;
				PRODUCT_BUNDLE_IDENTIFIER = skymanapps.HSE;
				PRODUCT_NAME = "$(TARGET_NAME)";
				SWIFT_EMIT_LOC_STRINGS = YES;
				SWIFT_VERSION = 5.0;
				TARGETED_DEVICE_FAMILY = "1,2";
			};
			name = Release;
		};
		63C4D635278DC58E0028381F /* Debug */ = {
			isa = XCBuildConfiguration;
			buildSettings = {
				ALWAYS_EMBED_SWIFT_STANDARD_LIBRARIES = YES;
				BUNDLE_LOADER = "$(TEST_HOST)";
				CODE_SIGN_STYLE = Automatic;
				CURRENT_PROJECT_VERSION = 1;
				DEVELOPMENT_TEAM = 7QZL932B66;
				GENERATE_INFOPLIST_FILE = YES;
				IPHONEOS_DEPLOYMENT_TARGET = 15.0;
				LD_RUNPATH_SEARCH_PATHS = (
					"$(inherited)",
					"@executable_path/Frameworks",
					"@loader_path/Frameworks",
				);
				MARKETING_VERSION = 1.0;
				PRODUCT_BUNDLE_IDENTIFIER = skymanapps.HSETests;
				PRODUCT_NAME = "$(TARGET_NAME)";
				SWIFT_EMIT_LOC_STRINGS = NO;
				SWIFT_VERSION = 5.0;
				TARGETED_DEVICE_FAMILY = "1,2";
				TEST_HOST = "$(BUILT_PRODUCTS_DIR)/HSE.app/HSE";
			};
			name = Debug;
		};
		63C4D636278DC58E0028381F /* Release */ = {
			isa = XCBuildConfiguration;
			buildSettings = {
				ALWAYS_EMBED_SWIFT_STANDARD_LIBRARIES = YES;
				BUNDLE_LOADER = "$(TEST_HOST)";
				CODE_SIGN_STYLE = Automatic;
				CURRENT_PROJECT_VERSION = 1;
				DEVELOPMENT_TEAM = 7QZL932B66;
				GENERATE_INFOPLIST_FILE = YES;
				IPHONEOS_DEPLOYMENT_TARGET = 15.0;
				LD_RUNPATH_SEARCH_PATHS = (
					"$(inherited)",
					"@executable_path/Frameworks",
					"@loader_path/Frameworks",
				);
				MARKETING_VERSION = 1.0;
				PRODUCT_BUNDLE_IDENTIFIER = skymanapps.HSETests;
				PRODUCT_NAME = "$(TARGET_NAME)";
				SWIFT_EMIT_LOC_STRINGS = NO;
				SWIFT_VERSION = 5.0;
				TARGETED_DEVICE_FAMILY = "1,2";
				TEST_HOST = "$(BUILT_PRODUCTS_DIR)/HSE.app/HSE";
			};
			name = Release;
		};
		63C4D638278DC58E0028381F /* Debug */ = {
			isa = XCBuildConfiguration;
			buildSettings = {
				ALWAYS_EMBED_SWIFT_STANDARD_LIBRARIES = YES;
				CODE_SIGN_STYLE = Automatic;
				CURRENT_PROJECT_VERSION = 1;
				DEVELOPMENT_TEAM = 7QZL932B66;
				GENERATE_INFOPLIST_FILE = YES;
				LD_RUNPATH_SEARCH_PATHS = (
					"$(inherited)",
					"@executable_path/Frameworks",
					"@loader_path/Frameworks",
				);
				MARKETING_VERSION = 1.0;
				PRODUCT_BUNDLE_IDENTIFIER = skymanapps.HSEUITests;
				PRODUCT_NAME = "$(TARGET_NAME)";
				SWIFT_EMIT_LOC_STRINGS = NO;
				SWIFT_VERSION = 5.0;
				TARGETED_DEVICE_FAMILY = "1,2";
				TEST_TARGET_NAME = HSE;
			};
			name = Debug;
		};
		63C4D639278DC58E0028381F /* Release */ = {
			isa = XCBuildConfiguration;
			buildSettings = {
				ALWAYS_EMBED_SWIFT_STANDARD_LIBRARIES = YES;
				CODE_SIGN_STYLE = Automatic;
				CURRENT_PROJECT_VERSION = 1;
				DEVELOPMENT_TEAM = 7QZL932B66;
				GENERATE_INFOPLIST_FILE = YES;
				LD_RUNPATH_SEARCH_PATHS = (
					"$(inherited)",
					"@executable_path/Frameworks",
					"@loader_path/Frameworks",
				);
				MARKETING_VERSION = 1.0;
				PRODUCT_BUNDLE_IDENTIFIER = skymanapps.HSEUITests;
				PRODUCT_NAME = "$(TARGET_NAME)";
				SWIFT_EMIT_LOC_STRINGS = NO;
				SWIFT_VERSION = 5.0;
				TARGETED_DEVICE_FAMILY = "1,2";
				TEST_TARGET_NAME = HSE;
			};
			name = Release;
		};
/* End XCBuildConfiguration section */

/* Begin XCConfigurationList section */
		63C4D602278DC58C0028381F /* Build configuration list for PBXProject "HSE" */ = {
			isa = XCConfigurationList;
			buildConfigurations = (
				63C4D62F278DC58E0028381F /* Debug */,
				63C4D630278DC58E0028381F /* Release */,
			);
			defaultConfigurationIsVisible = 0;
			defaultConfigurationName = Debug;
		};
		63C4D631278DC58E0028381F /* Build configuration list for PBXNativeTarget "HSE" */ = {
			isa = XCConfigurationList;
			buildConfigurations = (
				63C4D632278DC58E0028381F /* Debug */,
				63C4D633278DC58E0028381F /* Release */,
			);
			defaultConfigurationIsVisible = 0;
			defaultConfigurationName = Debug;
		};
		63C4D634278DC58E0028381F /* Build configuration list for PBXNativeTarget "HSETests" */ = {
			isa = XCConfigurationList;
			buildConfigurations = (
				63C4D635278DC58E0028381F /* Debug */,
				63C4D636278DC58E0028381F /* Release */,
			);
			defaultConfigurationIsVisible = 0;
			defaultConfigurationName = Debug;
		};
		63C4D637278DC58E0028381F /* Build configuration list for PBXNativeTarget "HSEUITests" */ = {
			isa = XCConfigurationList;
			buildConfigurations = (
				63C4D638278DC58E0028381F /* Debug */,
				63C4D639278DC58E0028381F /* Release */,
			);
			defaultConfigurationIsVisible = 0;
			defaultConfigurationName = Debug;
		};
/* End XCConfigurationList section */
	};
	rootObject = 63C4D5FF278DC58C0028381F /* Project object */;
}
